
Microsoft Visual Studio Solution File, Format Version 12.00
# Visual Studio 2012
Project("{8BC9CEB8-8B4A-11D0-8D11-00A0C91BC942}") = "SEHnanigans", "SEHnanigans\SEHnanigans_2012.vcxproj", "{E914C1F1-8F0E-44DF-A9DC-BC2955CC0375}"
EndProject
Global
	GlobalSection(SolutionConfigurationPlatforms) = preSolution
		Debug|Win32 = Debug|Win32
		Release|Win32 = Release|Win32
	EndGlobalSection
	GlobalSection(ProjectConfigurationPlatforms) = postSolution
		{E914C1F1-8F0E-44DF-A9DC-BC2955CC0375}.Debug|Win32.ActiveCfg = Debug|Win32
		{E914C1F1-8F0E-44DF-A9DC-BC2955CC0375}.Debug|Win32.Build.0 = Debug|Win32
		{E914C1F1-8F0E-44DF-A9DC-BC2955CC0375}.Release|Win32.ActiveCfg = Release|Win32
		{E914C1F1-8F0E-44DF-A9DC-BC2955CC0375}.Release|Win32.Build.0 = Release|Win32
	EndGlobalSection
	GlobalSection(SolutionProperties) = preSolution
		HideSolutionNode = FALSE
	EndGlobalSection
EndGlobal
